{
  "originHash" : "0afbe98205b76a6e8d1b453626af9b41a64be90e0a077797eb2cf755af1c75f8",
  "pins" : [
    {
      "identity" : "swiftmediaviewer",
      "kind" : "remoteSourceControl",
      "location" : "https://github.com/SilverMarcs/SwiftMediaViewer",
      "state" : {
        "branch" : "main",
        "revision" : "8468cac2ff3cb0c6d1a94d5c0cacf438508886e2"
      }
    },
    {
      "identity" : "youtubeplayerkit",
      "kind" : "remoteSourceControl",
      "location" : "https://github.com/SvenTiigi/YouTubePlayerKit",
      "state" : {
        "revision" : "1ae827573024ab13dd6adea33b25d3eef6ff667c",
        "version" : "2.0.5"
      }
    }
  ],
  "version" : 3
}
