{
  "originHash" : "d0ec67815f8291cb0076fd6ea174f370638a85764d8cba36ca6c954101a1ea99",
  "pins" : [
    {
      "identity" : "swiftmediaviewer",
      "kind" : "remoteSourceControl",
      "location" : "https://github.com/SilverMarcs/SwiftMediaViewer",
      "state" : {
        "branch" : "main",
        "revision" : "f84f03d0aacb8fab0cef181565c7489f1f7c4c60"
      }
    },
    {
      "identity" : "youtubekit",
      "kind" : "remoteSourceControl",
      "location" : "https://github.com/alexeichhorn/YouTubeKit",
      "state" : {
        "revision" : "c7d4ff4270fb40d354dede803abc0a0616b94eb2",
        "version" : "0.3.2"
      }
    }
  ],
  "version" : 3
}
