{
  "originHash" : "77737297761ed8d56a2ef134d1455360c437873c92a326fb0818f3916997f79c",
  "pins" : [
    {
      "identity" : "swiftmediaviewer",
      "kind" : "remoteSourceControl",
      "location" : "https://github.com/SilverMarcs/SwiftMediaViewer",
      "state" : {
        "branch" : "main",
        "revision" : "f84f03d0aacb8fab0cef181565c7489f1f7c4c60"
      }
    }
  ],
  "version" : 3
}
